
Microsoft Visual Studio Solution File, Format Version 12.00
# Visual Studio Version 18
VisualStudioVersion = 18.4.11620.152
MinimumVisualStudioVersion = 10.0.40219.1
Project("{FAE04EC0-301F-11D3-BF4B-00C04F79EFBC}") = "MiniWarehouse", "MiniWarehouse\MiniWarehouse.csproj", "{08511578-2E2D-4832-AA63-A72C8D73BF60}"
EndProject
Project("{FAE04EC0-301F-11D3-BF4B-00C04F79EFBC}") = "MiniWarehouse.Server", "MiniWarehouse.Server\MiniWarehouse.Server.csproj", "{FBDE24C6-4D67-4F45-86B1-27E02736C997}"
EndProject
Global
	GlobalSection(SolutionConfigurationPlatforms) = preSolution
		Debug|Any CPU = Debug|Any CPU
		Release|Any CPU = Release|Any CPU
	EndGlobalSection
	GlobalSection(ProjectConfigurationPlatforms) = postSolution
		{08511578-2E2D-4832-AA63-A72C8D73BF60}.Debug|Any CPU.ActiveCfg = Debug|Any CPU
		{08511578-2E2D-4832-AA63-A72C8D73BF60}.Debug|Any CPU.Build.0 = Debug|Any CPU
		{08511578-2E2D-4832-AA63-A72C8D73BF60}.Release|Any CPU.ActiveCfg = Release|Any CPU
		{08511578-2E2D-4832-AA63-A72C8D73BF60}.Release|Any CPU.Build.0 = Release|Any CPU
		{FBDE24C6-4D67-4F45-86B1-27E02736C997}.Debug|Any CPU.ActiveCfg = Debug|Any CPU
		{FBDE24C6-4D67-4F45-86B1-27E02736C997}.Debug|Any CPU.Build.0 = Debug|Any CPU
		{FBDE24C6-4D67-4F45-86B1-27E02736C997}.Release|Any CPU.ActiveCfg = Release|Any CPU
		{FBDE24C6-4D67-4F45-86B1-27E02736C997}.Release|Any CPU.Build.0 = Release|Any CPU
	EndGlobalSection
	GlobalSection(SolutionProperties) = preSolution
		HideSolutionNode = FALSE
	EndGlobalSection
	GlobalSection(ExtensibilityGlobals) = postSolution
		SolutionGuid = {86D77206-1474-4196-A0B3-4CD50717DF51}
	EndGlobalSection
EndGlobal
